
Microsoft Visual Studio Solution File, Format Version 12.00
# Visual Studio Version 17
VisualStudioVersion = 17.1.32328.378
MinimumVisualStudioVersion = 10.0.40219.1
Project("{8BC9CEB8-8B4A-11D0-8D11-00A0C91BC942}") = "StudyCPP", "StudyCPP\StudyCPP.vcxproj", "{94EA9C73-D416-4A52-AB34-5B4B29AD0457}"
EndProject
Global
	GlobalSection(SolutionConfigurationPlatforms) = preSolution
		Debug|x64 = Debug|x64
		Debug|x86 = Debug|x86
		Release|x64 = Release|x64
		Release|x86 = Release|x86
	EndGlobalSection
	GlobalSection(ProjectConfigurationPlatforms) = postSolution
		{94EA9C73-D416-4A52-AB34-5B4B29AD0457}.Debug|x64.ActiveCfg = Debug|x64
		{94EA9C73-D416-4A52-AB34-5B4B29AD0457}.Debug|x64.Build.0 = Debug|x64
		{94EA9C73-D416-4A52-AB34-5B4B29AD0457}.Debug|x86.ActiveCfg = Debug|Win32
		{94EA9C73-D416-4A52-AB34-5B4B29AD0457}.Debug|x86.Build.0 = Debug|Win32
		{94EA9C73-D416-4A52-AB34-5B4B29AD0457}.Release|x64.ActiveCfg = Release|x64
		{94EA9C73-D416-4A52-AB34-5B4B29AD0457}.Release|x64.Build.0 = Release|x64
		{94EA9C73-D416-4A52-AB34-5B4B29AD0457}.Release|x86.ActiveCfg = Release|Win32
		{94EA9C73-D416-4A52-AB34-5B4B29AD0457}.Release|x86.Build.0 = Release|Win32
	EndGlobalSection
	GlobalSection(SolutionProperties) = preSolution
		HideSolutionNode = FALSE
	EndGlobalSection
	GlobalSection(ExtensibilityGlobals) = postSolution
		SolutionGuid = {C61E8D81-26D0-4CF0-8216-AE8C7E1B7C3C}
	EndGlobalSection
EndGlobal
