
Microsoft Visual Studio Solution File, Format Version 12.00
# Visual Studio Version 17
VisualStudioVersion = 17.1.32328.378
MinimumVisualStudioVersion = 10.0.40219.1
Project("{8BC9CEB8-8B4A-11D0-8D11-00A0C91BC942}") = "C++ Study", "C++ Study\C++ Study.vcxproj", "{B875DF54-8A04-4FAD-BCFC-6F5EE6E0213D}"
EndProject
Global
	GlobalSection(SolutionConfigurationPlatforms) = preSolution
		Debug|x64 = Debug|x64
		Debug|x86 = Debug|x86
		Release|x64 = Release|x64
		Release|x86 = Release|x86
	EndGlobalSection
	GlobalSection(ProjectConfigurationPlatforms) = postSolution
		{B875DF54-8A04-4FAD-BCFC-6F5EE6E0213D}.Debug|x64.ActiveCfg = Debug|x64
		{B875DF54-8A04-4FAD-BCFC-6F5EE6E0213D}.Debug|x64.Build.0 = Debug|x64
		{B875DF54-8A04-4FAD-BCFC-6F5EE6E0213D}.Debug|x86.ActiveCfg = Debug|Win32
		{B875DF54-8A04-4FAD-BCFC-6F5EE6E0213D}.Debug|x86.Build.0 = Debug|Win32
		{B875DF54-8A04-4FAD-BCFC-6F5EE6E0213D}.Release|x64.ActiveCfg = Release|x64
		{B875DF54-8A04-4FAD-BCFC-6F5EE6E0213D}.Release|x64.Build.0 = Release|x64
		{B875DF54-8A04-4FAD-BCFC-6F5EE6E0213D}.Release|x86.ActiveCfg = Release|Win32
		{B875DF54-8A04-4FAD-BCFC-6F5EE6E0213D}.Release|x86.Build.0 = Release|Win32
	EndGlobalSection
	GlobalSection(SolutionProperties) = preSolution
		HideSolutionNode = FALSE
	EndGlobalSection
	GlobalSection(ExtensibilityGlobals) = postSolution
		SolutionGuid = {AF7B47F7-3746-431E-A807-6C0B5318A109}
	EndGlobalSection
EndGlobal
